
Microsoft Visual Studio Solution File, Format Version 12.00
# Visual Studio 15
VisualStudioVersion = 15.0.27428.2037
MinimumVisualStudioVersion = 10.0.40219.1
Project("{FAE04EC0-301F-11D3-BF4B-00C04F79EFBC}") = "P02_DatabaseFirst", "P02_DatabaseFirst\P02_DatabaseFirst.csproj", "{16458B9D-7876-4AE6-B374-A08E7EAD94AD}"
EndProject
Global
	GlobalSection(SolutionConfigurationPlatforms) = preSolution
		Debug|Any CPU = Debug|Any CPU
		Release|Any CPU = Release|Any CPU
	EndGlobalSection
	GlobalSection(ProjectConfigurationPlatforms) = postSolution
		{16458B9D-7876-4AE6-B374-A08E7EAD94AD}.Debug|Any CPU.ActiveCfg = Debug|Any CPU
		{16458B9D-7876-4AE6-B374-A08E7EAD94AD}.Debug|Any CPU.Build.0 = Debug|Any CPU
		{16458B9D-7876-4AE6-B374-A08E7EAD94AD}.Release|Any CPU.ActiveCfg = Release|Any CPU
		{16458B9D-7876-4AE6-B374-A08E7EAD94AD}.Release|Any CPU.Build.0 = Release|Any CPU
	EndGlobalSection
	GlobalSection(SolutionProperties) = preSolution
		HideSolutionNode = FALSE
	EndGlobalSection
	GlobalSection(ExtensibilityGlobals) = postSolution
		SolutionGuid = {1465D366-4E80-4CC6-BA1C-265F80242227}
	EndGlobalSection
EndGlobal
