
Microsoft Visual Studio Solution File, Format Version 12.00
# Visual Studio 15
VisualStudioVersion = 15.0.27428.2037
MinimumVisualStudioVersion = 10.0.40219.1
Project("{FAE04EC0-301F-11D3-BF4B-00C04F79EFBC}") = "AutoMappingObjects", "AutoMappingObjects\AutoMappingObjects.csproj", "{C445F563-C81B-4A4F-BCD1-59EB15AF3358}"
EndProject
Project("{FAE04EC0-301F-11D3-BF4B-00C04F79EFBC}") = "AutoMappingObjects.Data", "AutoMappingObjects.Data\AutoMappingObjects.Data.csproj", "{6548A1CA-4BAE-4524-B93F-376177ABDB7A}"
EndProject
Project("{FAE04EC0-301F-11D3-BF4B-00C04F79EFBC}") = "AutoMappingObjects.Data.Models", "AutoMappingObjects.Data.Models\AutoMappingObjects.Data.Models.csproj", "{80A26721-2DF3-4A73-A962-60B8A6B0FAF6}"
EndProject
Global
	GlobalSection(SolutionConfigurationPlatforms) = preSolution
		Debug|Any CPU = Debug|Any CPU
		Release|Any CPU = Release|Any CPU
	EndGlobalSection
	GlobalSection(ProjectConfigurationPlatforms) = postSolution
		{C445F563-C81B-4A4F-BCD1-59EB15AF3358}.Debug|Any CPU.ActiveCfg = Debug|Any CPU
		{C445F563-C81B-4A4F-BCD1-59EB15AF3358}.Debug|Any CPU.Build.0 = Debug|Any CPU
		{C445F563-C81B-4A4F-BCD1-59EB15AF3358}.Release|Any CPU.ActiveCfg = Release|Any CPU
		{C445F563-C81B-4A4F-BCD1-59EB15AF3358}.Release|Any CPU.Build.0 = Release|Any CPU
		{6548A1CA-4BAE-4524-B93F-376177ABDB7A}.Debug|Any CPU.ActiveCfg = Debug|Any CPU
		{6548A1CA-4BAE-4524-B93F-376177ABDB7A}.Debug|Any CPU.Build.0 = Debug|Any CPU
		{6548A1CA-4BAE-4524-B93F-376177ABDB7A}.Release|Any CPU.ActiveCfg = Release|Any CPU
		{6548A1CA-4BAE-4524-B93F-376177ABDB7A}.Release|Any CPU.Build.0 = Release|Any CPU
		{80A26721-2DF3-4A73-A962-60B8A6B0FAF6}.Debug|Any CPU.ActiveCfg = Debug|Any CPU
		{80A26721-2DF3-4A73-A962-60B8A6B0FAF6}.Debug|Any CPU.Build.0 = Debug|Any CPU
		{80A26721-2DF3-4A73-A962-60B8A6B0FAF6}.Release|Any CPU.ActiveCfg = Release|Any CPU
		{80A26721-2DF3-4A73-A962-60B8A6B0FAF6}.Release|Any CPU.Build.0 = Release|Any CPU
	EndGlobalSection
	GlobalSection(SolutionProperties) = preSolution
		HideSolutionNode = FALSE
	EndGlobalSection
	GlobalSection(ExtensibilityGlobals) = postSolution
		SolutionGuid = {8104142E-6655-4EFF-B24F-6E177E255CC4}
	EndGlobalSection
EndGlobal
